
Microsoft Visual Studio Solution File, Format Version 12.00
# Visual Studio Version 17
VisualStudioVersion = 17.1.32228.430
MinimumVisualStudioVersion = 10.0.40219.1
Project("{FAE04EC0-301F-11D3-BF4B-00C04F79EFBC}") = "PeriodosAtras.ConsoleApp", "PeriodosAtras.ConsoleApp\PeriodosAtras.ConsoleApp.csproj", "{A2D808B3-B9E5-46E7-A3D7-F041BBE6201E}"
EndProject
Global
	GlobalSection(SolutionConfigurationPlatforms) = preSolution
		Debug|Any CPU = Debug|Any CPU
		Release|Any CPU = Release|Any CPU
	EndGlobalSection
	GlobalSection(ProjectConfigurationPlatforms) = postSolution
		{A2D808B3-B9E5-46E7-A3D7-F041BBE6201E}.Debug|Any CPU.ActiveCfg = Debug|Any CPU
		{A2D808B3-B9E5-46E7-A3D7-F041BBE6201E}.Debug|Any CPU.Build.0 = Debug|Any CPU
		{A2D808B3-B9E5-46E7-A3D7-F041BBE6201E}.Release|Any CPU.ActiveCfg = Release|Any CPU
		{A2D808B3-B9E5-46E7-A3D7-F041BBE6201E}.Release|Any CPU.Build.0 = Release|Any CPU
	EndGlobalSection
	GlobalSection(SolutionProperties) = preSolution
		HideSolutionNode = FALSE
	EndGlobalSection
	GlobalSection(ExtensibilityGlobals) = postSolution
		SolutionGuid = {53705355-4A25-4AC5-9EB5-0040E6332929}
	EndGlobalSection
EndGlobal
